
Microsoft Visual Studio Solution File, Format Version 12.00
# Visual Studio 15
VisualStudioVersion = 15.0.26430.6
MinimumVisualStudioVersion = 10.0.40219.1
Project("{FAE04EC0-301F-11D3-BF4B-00C04F79EFBC}") = "Projeto", "Projeto\Projeto\Projeto.csproj", "{A7EA8A7F-FD69-4866-AD6B-8EBB1E1BBBCE}"
EndProject
Project("{FAE04EC0-301F-11D3-BF4B-00C04F79EFBC}") = "Projeto.Android", "Projeto\Projeto.Android\Projeto.Android.csproj", "{84BB1AA9-A421-4924-A067-0FDE4332E202}"
EndProject
Project("{FAE04EC0-301F-11D3-BF4B-00C04F79EFBC}") = "Projeto.iOS", "Projeto\Projeto.iOS\Projeto.iOS.csproj", "{247F1D0D-6B32-49F1-AF39-45D852EFDCD0}"
EndProject
Project("{FAE04EC0-301F-11D3-BF4B-00C04F79EFBC}") = "Projeto.UWP", "Projeto\Projeto.UWP\Projeto.UWP.csproj", "{B0FE0832-F5D9-4B7A-B3D9-B25CE41FC71F}"
EndProject
Global
	GlobalSection(SolutionConfigurationPlatforms) = preSolution
		Debug|Any CPU = Debug|Any CPU
		Debug|ARM = Debug|ARM
		Debug|iPhone = Debug|iPhone
		Debug|iPhoneSimulator = Debug|iPhoneSimulator
		Debug|x64 = Debug|x64
		Debug|x86 = Debug|x86
		Release|Any CPU = Release|Any CPU
		Release|ARM = Release|ARM
		Release|iPhone = Release|iPhone
		Release|iPhoneSimulator = Release|iPhoneSimulator
		Release|x64 = Release|x64
		Release|x86 = Release|x86
	EndGlobalSection
	GlobalSection(ProjectConfigurationPlatforms) = postSolution
		{A7EA8A7F-FD69-4866-AD6B-8EBB1E1BBBCE}.Debug|Any CPU.ActiveCfg = Debug|Any CPU
		{A7EA8A7F-FD69-4866-AD6B-8EBB1E1BBBCE}.Debug|Any CPU.Build.0 = Debug|Any CPU
		{A7EA8A7F-FD69-4866-AD6B-8EBB1E1BBBCE}.Debug|ARM.ActiveCfg = Debug|Any CPU
		{A7EA8A7F-FD69-4866-AD6B-8EBB1E1BBBCE}.Debug|ARM.Build.0 = Debug|Any CPU
		{A7EA8A7F-FD69-4866-AD6B-8EBB1E1BBBCE}.Debug|iPhone.ActiveCfg = Debug|Any CPU
		{A7EA8A7F-FD69-4866-AD6B-8EBB1E1BBBCE}.Debug|iPhone.Build.0 = Debug|Any CPU
		{A7EA8A7F-FD69-4866-AD6B-8EBB1E1BBBCE}.Debug|iPhoneSimulator.ActiveCfg = Debug|Any CPU
		{A7EA8A7F-FD69-4866-AD6B-8EBB1E1BBBCE}.Debug|iPhoneSimulator.Build.0 = Debug|Any CPU
		{A7EA8A7F-FD69-4866-AD6B-8EBB1E1BBBCE}.Debug|x64.ActiveCfg = Debug|Any CPU
		{A7EA8A7F-FD69-4866-AD6B-8EBB1E1BBBCE}.Debug|x64.Build.0 = Debug|Any CPU
		{A7EA8A7F-FD69-4866-AD6B-8EBB1E1BBBCE}.Debug|x86.ActiveCfg = Debug|Any CPU
		{A7EA8A7F-FD69-4866-AD6B-8EBB1E1BBBCE}.Debug|x86.Build.0 = Debug|Any CPU
		{A7EA8A7F-FD69-4866-AD6B-8EBB1E1BBBCE}.Release|Any CPU.ActiveCfg = Release|Any CPU
		{A7EA8A7F-FD69-4866-AD6B-8EBB1E1BBBCE}.Release|Any CPU.Build.0 = Release|Any CPU
		{A7EA8A7F-FD69-4866-AD6B-8EBB1E1BBBCE}.Release|ARM.ActiveCfg = Release|Any CPU
		{A7EA8A7F-FD69-4866-AD6B-8EBB1E1BBBCE}.Release|ARM.Build.0 = Release|Any CPU
		{A7EA8A7F-FD69-4866-AD6B-8EBB1E1BBBCE}.Release|iPhone.ActiveCfg = Release|Any CPU
		{A7EA8A7F-FD69-4866-AD6B-8EBB1E1BBBCE}.Release|iPhone.Build.0 = Release|Any CPU
		{A7EA8A7F-FD69-4866-AD6B-8EBB1E1BBBCE}.Release|iPhoneSimulator.ActiveCfg = Release|Any CPU
		{A7EA8A7F-FD69-4866-AD6B-8EBB1E1BBBCE}.Release|iPhoneSimulator.Build.0 = Release|Any CPU
		{A7EA8A7F-FD69-4866-AD6B-8EBB1E1BBBCE}.Release|x64.ActiveCfg = Release|Any CPU
		{A7EA8A7F-FD69-4866-AD6B-8EBB1E1BBBCE}.Release|x64.Build.0 = Release|Any CPU
		{A7EA8A7F-FD69-4866-AD6B-8EBB1E1BBBCE}.Release|x86.ActiveCfg = Release|Any CPU
		{A7EA8A7F-FD69-4866-AD6B-8EBB1E1BBBCE}.Release|x86.Build.0 = Release|Any CPU
		{84BB1AA9-A421-4924-A067-0FDE4332E202}.Debug|Any CPU.ActiveCfg = Debug|Any CPU
		{84BB1AA9-A421-4924-A067-0FDE4332E202}.Debug|Any CPU.Build.0 = Debug|Any CPU
		{84BB1AA9-A421-4924-A067-0FDE4332E202}.Debug|Any CPU.Deploy.0 = Debug|Any CPU
		{84BB1AA9-A421-4924-A067-0FDE4332E202}.Debug|ARM.ActiveCfg = Debug|Any CPU
		{84BB1AA9-A421-4924-A067-0FDE4332E202}.Debug|ARM.Build.0 = Debug|Any CPU
		{84BB1AA9-A421-4924-A067-0FDE4332E202}.Debug|ARM.Deploy.0 = Debug|Any CPU
		{84BB1AA9-A421-4924-A067-0FDE4332E202}.Debug|iPhone.ActiveCfg = Debug|Any CPU
		{84BB1AA9-A421-4924-A067-0FDE4332E202}.Debug|iPhone.Build.0 = Debug|Any CPU
		{84BB1AA9-A421-4924-A067-0FDE4332E202}.Debug|iPhone.Deploy.0 = Debug|Any CPU
		{84BB1AA9-A421-4924-A067-0FDE4332E202}.Debug|iPhoneSimulator.ActiveCfg = Debug|Any CPU
		{84BB1AA9-A421-4924-A067-0FDE4332E202}.Debug|iPhoneSimulator.Build.0 = Debug|Any CPU
		{84BB1AA9-A421-4924-A067-0FDE4332E202}.Debug|iPhoneSimulator.Deploy.0 = Debug|Any CPU
		{84BB1AA9-A421-4924-A067-0FDE4332E202}.Debug|x64.ActiveCfg = Debug|Any CPU
		{84BB1AA9-A421-4924-A067-0FDE4332E202}.Debug|x64.Build.0 = Debug|Any CPU
		{84BB1AA9-A421-4924-A067-0FDE4332E202}.Debug|x64.Deploy.0 = Debug|Any CPU
		{84BB1AA9-A421-4924-A067-0FDE4332E202}.Debug|x86.ActiveCfg = Debug|Any CPU
		{84BB1AA9-A421-4924-A067-0FDE4332E202}.Debug|x86.Build.0 = Debug|Any CPU
		{84BB1AA9-A421-4924-A067-0FDE4332E202}.Debug|x86.Deploy.0 = Debug|Any CPU
		{84BB1AA9-A421-4924-A067-0FDE4332E202}.Release|Any CPU.ActiveCfg = Release|Any CPU
		{84BB1AA9-A421-4924-A067-0FDE4332E202}.Release|Any CPU.Build.0 = Release|Any CPU
		{84BB1AA9-A421-4924-A067-0FDE4332E202}.Release|Any CPU.Deploy.0 = Release|Any CPU
		{84BB1AA9-A421-4924-A067-0FDE4332E202}.Release|ARM.ActiveCfg = Release|Any CPU
		{84BB1AA9-A421-4924-A067-0FDE4332E202}.Release|ARM.Build.0 = Release|Any CPU
		{84BB1AA9-A421-4924-A067-0FDE4332E202}.Release|ARM.Deploy.0 = Release|Any CPU
		{84BB1AA9-A421-4924-A067-0FDE4332E202}.Release|iPhone.ActiveCfg = Release|Any CPU
		{84BB1AA9-A421-4924-A067-0FDE4332E202}.Release|iPhone.Build.0 = Release|Any CPU
		{84BB1AA9-A421-4924-A067-0FDE4332E202}.Release|iPhone.Deploy.0 = Release|Any CPU
		{84BB1AA9-A421-4924-A067-0FDE4332E202}.Release|iPhoneSimulator.ActiveCfg = Release|Any CPU
		{84BB1AA9-A421-4924-A067-0FDE4332E202}.Release|iPhoneSimulator.Build.0 = Release|Any CPU
		{84BB1AA9-A421-4924-A067-0FDE4332E202}.Release|iPhoneSimulator.Deploy.0 = Release|Any CPU
		{84BB1AA9-A421-4924-A067-0FDE4332E202}.Release|x64.ActiveCfg = Release|Any CPU
		{84BB1AA9-A421-4924-A067-0FDE4332E202}.Release|x64.Build.0 = Release|Any CPU
		{84BB1AA9-A421-4924-A067-0FDE4332E202}.Release|x64.Deploy.0 = Release|Any CPU
		{84BB1AA9-A421-4924-A067-0FDE4332E202}.Release|x86.ActiveCfg = Release|Any CPU
		{84BB1AA9-A421-4924-A067-0FDE4332E202}.Release|x86.Build.0 = Release|Any CPU
		{84BB1AA9-A421-4924-A067-0FDE4332E202}.Release|x86.Deploy.0 = Release|Any CPU
		{247F1D0D-6B32-49F1-AF39-45D852EFDCD0}.Debug|Any CPU.ActiveCfg = Debug|iPhone
		{247F1D0D-6B32-49F1-AF39-45D852EFDCD0}.Debug|ARM.ActiveCfg = Debug|iPhone
		{247F1D0D-6B32-49F1-AF39-45D852EFDCD0}.Debug|iPhone.ActiveCfg = Debug|iPhone
		{247F1D0D-6B32-49F1-AF39-45D852EFDCD0}.Debug|iPhone.Build.0 = Debug|iPhone
		{247F1D0D-6B32-49F1-AF39-45D852EFDCD0}.Debug|iPhoneSimulator.ActiveCfg = Debug|iPhoneSimulator
		{247F1D0D-6B32-49F1-AF39-45D852EFDCD0}.Debug|iPhoneSimulator.Build.0 = Debug|iPhoneSimulator
		{247F1D0D-6B32-49F1-AF39-45D852EFDCD0}.Debug|x64.ActiveCfg = Debug|iPhone
		{247F1D0D-6B32-49F1-AF39-45D852EFDCD0}.Debug|x86.ActiveCfg = Debug|iPhone
		{247F1D0D-6B32-49F1-AF39-45D852EFDCD0}.Release|Any CPU.ActiveCfg = Release|iPhone
		{247F1D0D-6B32-49F1-AF39-45D852EFDCD0}.Release|ARM.ActiveCfg = Release|iPhone
		{247F1D0D-6B32-49F1-AF39-45D852EFDCD0}.Release|iPhone.ActiveCfg = Release|iPhone
		{247F1D0D-6B32-49F1-AF39-45D852EFDCD0}.Release|iPhone.Build.0 = Release|iPhone
		{247F1D0D-6B32-49F1-AF39-45D852EFDCD0}.Release|iPhoneSimulator.ActiveCfg = Release|iPhoneSimulator
		{247F1D0D-6B32-49F1-AF39-45D852EFDCD0}.Release|iPhoneSimulator.Build.0 = Release|iPhoneSimulator
		{247F1D0D-6B32-49F1-AF39-45D852EFDCD0}.Release|x64.ActiveCfg = Release|iPhone
		{247F1D0D-6B32-49F1-AF39-45D852EFDCD0}.Release|x86.ActiveCfg = Release|iPhone
		{B0FE0832-F5D9-4B7A-B3D9-B25CE41FC71F}.Debug|Any CPU.ActiveCfg = Debug|x86
		{B0FE0832-F5D9-4B7A-B3D9-B25CE41FC71F}.Debug|ARM.ActiveCfg = Debug|ARM
		{B0FE0832-F5D9-4B7A-B3D9-B25CE41FC71F}.Debug|ARM.Build.0 = Debug|ARM
		{B0FE0832-F5D9-4B7A-B3D9-B25CE41FC71F}.Debug|ARM.Deploy.0 = Debug|ARM
		{B0FE0832-F5D9-4B7A-B3D9-B25CE41FC71F}.Debug|iPhone.ActiveCfg = Debug|x86
		{B0FE0832-F5D9-4B7A-B3D9-B25CE41FC71F}.Debug|iPhoneSimulator.ActiveCfg = Debug|x86
		{B0FE0832-F5D9-4B7A-B3D9-B25CE41FC71F}.Debug|x64.ActiveCfg = Debug|x64
		{B0FE0832-F5D9-4B7A-B3D9-B25CE41FC71F}.Debug|x64.Build.0 = Debug|x64
		{B0FE0832-F5D9-4B7A-B3D9-B25CE41FC71F}.Debug|x64.Deploy.0 = Debug|x64
		{B0FE0832-F5D9-4B7A-B3D9-B25CE41FC71F}.Debug|x86.ActiveCfg = Debug|x86
		{B0FE0832-F5D9-4B7A-B3D9-B25CE41FC71F}.Debug|x86.Build.0 = Debug|x86
		{B0FE0832-F5D9-4B7A-B3D9-B25CE41FC71F}.Debug|x86.Deploy.0 = Debug|x86
		{B0FE0832-F5D9-4B7A-B3D9-B25CE41FC71F}.Release|Any CPU.ActiveCfg = Release|x86
		{B0FE0832-F5D9-4B7A-B3D9-B25CE41FC71F}.Release|ARM.ActiveCfg = Release|ARM
		{B0FE0832-F5D9-4B7A-B3D9-B25CE41FC71F}.Release|ARM.Build.0 = Release|ARM
		{B0FE0832-F5D9-4B7A-B3D9-B25CE41FC71F}.Release|ARM.Deploy.0 = Release|ARM
		{B0FE0832-F5D9-4B7A-B3D9-B25CE41FC71F}.Release|iPhone.ActiveCfg = Release|x86
		{B0FE0832-F5D9-4B7A-B3D9-B25CE41FC71F}.Release|iPhoneSimulator.ActiveCfg = Release|x86
		{B0FE0832-F5D9-4B7A-B3D9-B25CE41FC71F}.Release|x64.ActiveCfg = Release|x64
		{B0FE0832-F5D9-4B7A-B3D9-B25CE41FC71F}.Release|x64.Build.0 = Release|x64
		{B0FE0832-F5D9-4B7A-B3D9-B25CE41FC71F}.Release|x64.Deploy.0 = Release|x64
		{B0FE0832-F5D9-4B7A-B3D9-B25CE41FC71F}.Release|x86.ActiveCfg = Release|x86
		{B0FE0832-F5D9-4B7A-B3D9-B25CE41FC71F}.Release|x86.Build.0 = Release|x86
		{B0FE0832-F5D9-4B7A-B3D9-B25CE41FC71F}.Release|x86.Deploy.0 = Release|x86
	EndGlobalSection
	GlobalSection(SolutionProperties) = preSolution
		HideSolutionNode = FALSE
	EndGlobalSection
EndGlobal
